
Microsoft Visual Studio Solution File, Format Version 12.00
# Visual Studio Version 17
VisualStudioVersion = 17.6.33723.286
MinimumVisualStudioVersion = 10.0.40219.1
Project("{2150E333-8FDC-42A3-9474-1A3956D46DE8}") = "Services", "Services", "{83462387-6866-4C7F-BD3D-F114D89BA32A}"
EndProject
Project("{2150E333-8FDC-42A3-9474-1A3956D46DE8}") = "Infrastructure", "Infrastructure", "{88F4D038-05E8-4A3E-9255-9D5162672C2E}"
EndProject
Project("{2150E333-8FDC-42A3-9474-1A3956D46DE8}") = "Middleware", "Middleware", "{B4CB849A-FD9A-4FD3-99EE-4F62DD358F44}"
EndProject
Project("{2150E333-8FDC-42A3-9474-1A3956D46DE8}") = "Data", "Data", "{D28E49FD-5FA6-4B13-8977-B20606C4DD3E}"
EndProject
Project("{9A19103F-16F7-4668-BE54-9A1E7A4F7556}") = "MicroserviceArch.Interfaces", "Infrastructure\MicroserviceArch.Interfaces\MicroserviceArch.Interfaces.csproj", "{19CD2180-08C8-4B1A-B452-09136EAF7401}"
EndProject
Project("{9A19103F-16F7-4668-BE54-9A1E7A4F7556}") = "MicroserviceArch.CountsService", "Services\MicroserviceArch.CountsService\MicroserviceArch.CountsService.csproj", "{CC074C34-6F49-411A-8BCF-F141F7ACFAF0}"
EndProject
Project("{9A19103F-16F7-4668-BE54-9A1E7A4F7556}") = "MicroserviceArch.UsersService", "Services\MicroserviceArch.UsersService\MicroserviceArch.UsersService.csproj", "{B025BFA6-434C-42EE-B22A-D3A203C156C4}"
EndProject
Project("{9A19103F-16F7-4668-BE54-9A1E7A4F7556}") = "MicroserviceArch.DAL", "Data\MicroserviceArch.DAL\MicroserviceArch.DAL.csproj", "{42CF432D-3288-4DCC-9FAD-15B6E0A721ED}"
EndProject
Project("{9A19103F-16F7-4668-BE54-9A1E7A4F7556}") = "MicroserviceArch.Dal.PGSQL", "Data\MicroserviceArch.Dal.PGSQL\MicroserviceArch.Dal.PGSQL.csproj", "{065BAD41-E1A3-453A-9709-90A8EE75B2F8}"
EndProject
Project("{9A19103F-16F7-4668-BE54-9A1E7A4F7556}") = "MicroserviceArch.DTOEntity", "Infrastructure\MicroserviceArch.DTOEntity\MicroserviceArch.DTOEntity.csproj", "{DFA7E7AF-A97F-42FB-A3BD-8FC74CC9EC1F}"
EndProject
Project("{9A19103F-16F7-4668-BE54-9A1E7A4F7556}") = "MicroserviceArch.InitializeDB", "Middleware\MicroserviceArch.InitializeDB\MicroserviceArch.InitializeDB.csproj", "{BDC9E9B1-EB1C-4151-93A5-1B49C0A02340}"
EndProject
Project("{9A19103F-16F7-4668-BE54-9A1E7A4F7556}") = "MicroserviceArch.Pagination", "Infrastructure\MicroserviceArch.Pagination\MicroserviceArch.Pagination.csproj", "{29F6C849-882B-4467-9142-385EE87F8CD5}"
EndProject
Project("{9A19103F-16F7-4668-BE54-9A1E7A4F7556}") = "MicroserviceArch.RabbitMQ", "Middleware\MicroserviceArch.RabbitMQ\MicroserviceArch.RabbitMQ.csproj", "{C1ABA17E-0832-4E4F-9072-F745983D427A}"
EndProject
Project("{2150E333-8FDC-42A3-9474-1A3956D46DE8}") = "UI", "UI", "{A6830A10-E3E5-4C17-A5F2-D125422EF09C}"
EndProject
Project("{FAE04EC0-301F-11D3-BF4B-00C04F79EFBC}") = "MicroserviceArch.CheckRebbitMQ", "UI\MicroserviceArch.CheckRebbitMQ\MicroserviceArch.CheckRebbitMQ.csproj", "{01C2F472-BB33-49EC-A4C8-0EDFEBD0FADA}"
EndProject
Global
	GlobalSection(SolutionConfigurationPlatforms) = preSolution
		Debug|Any CPU = Debug|Any CPU
		Release|Any CPU = Release|Any CPU
	EndGlobalSection
	GlobalSection(ProjectConfigurationPlatforms) = postSolution
		{19CD2180-08C8-4B1A-B452-09136EAF7401}.Debug|Any CPU.ActiveCfg = Debug|Any CPU
		{19CD2180-08C8-4B1A-B452-09136EAF7401}.Debug|Any CPU.Build.0 = Debug|Any CPU
		{19CD2180-08C8-4B1A-B452-09136EAF7401}.Release|Any CPU.ActiveCfg = Release|Any CPU
		{19CD2180-08C8-4B1A-B452-09136EAF7401}.Release|Any CPU.Build.0 = Release|Any CPU
		{CC074C34-6F49-411A-8BCF-F141F7ACFAF0}.Debug|Any CPU.ActiveCfg = Debug|Any CPU
		{CC074C34-6F49-411A-8BCF-F141F7ACFAF0}.Debug|Any CPU.Build.0 = Debug|Any CPU
		{CC074C34-6F49-411A-8BCF-F141F7ACFAF0}.Release|Any CPU.ActiveCfg = Release|Any CPU
		{CC074C34-6F49-411A-8BCF-F141F7ACFAF0}.Release|Any CPU.Build.0 = Release|Any CPU
		{B025BFA6-434C-42EE-B22A-D3A203C156C4}.Debug|Any CPU.ActiveCfg = Debug|Any CPU
		{B025BFA6-434C-42EE-B22A-D3A203C156C4}.Debug|Any CPU.Build.0 = Debug|Any CPU
		{B025BFA6-434C-42EE-B22A-D3A203C156C4}.Release|Any CPU.ActiveCfg = Release|Any CPU
		{B025BFA6-434C-42EE-B22A-D3A203C156C4}.Release|Any CPU.Build.0 = Release|Any CPU
		{42CF432D-3288-4DCC-9FAD-15B6E0A721ED}.Debug|Any CPU.ActiveCfg = Debug|Any CPU
		{42CF432D-3288-4DCC-9FAD-15B6E0A721ED}.Debug|Any CPU.Build.0 = Debug|Any CPU
		{42CF432D-3288-4DCC-9FAD-15B6E0A721ED}.Release|Any CPU.ActiveCfg = Release|Any CPU
		{42CF432D-3288-4DCC-9FAD-15B6E0A721ED}.Release|Any CPU.Build.0 = Release|Any CPU
		{065BAD41-E1A3-453A-9709-90A8EE75B2F8}.Debug|Any CPU.ActiveCfg = Debug|Any CPU
		{065BAD41-E1A3-453A-9709-90A8EE75B2F8}.Debug|Any CPU.Build.0 = Debug|Any CPU
		{065BAD41-E1A3-453A-9709-90A8EE75B2F8}.Release|Any CPU.ActiveCfg = Release|Any CPU
		{065BAD41-E1A3-453A-9709-90A8EE75B2F8}.Release|Any CPU.Build.0 = Release|Any CPU
		{DFA7E7AF-A97F-42FB-A3BD-8FC74CC9EC1F}.Debug|Any CPU.ActiveCfg = Debug|Any CPU
		{DFA7E7AF-A97F-42FB-A3BD-8FC74CC9EC1F}.Debug|Any CPU.Build.0 = Debug|Any CPU
		{DFA7E7AF-A97F-42FB-A3BD-8FC74CC9EC1F}.Release|Any CPU.ActiveCfg = Release|Any CPU
		{DFA7E7AF-A97F-42FB-A3BD-8FC74CC9EC1F}.Release|Any CPU.Build.0 = Release|Any CPU
		{BDC9E9B1-EB1C-4151-93A5-1B49C0A02340}.Debug|Any CPU.ActiveCfg = Debug|Any CPU
		{BDC9E9B1-EB1C-4151-93A5-1B49C0A02340}.Debug|Any CPU.Build.0 = Debug|Any CPU
		{BDC9E9B1-EB1C-4151-93A5-1B49C0A02340}.Release|Any CPU.ActiveCfg = Release|Any CPU
		{BDC9E9B1-EB1C-4151-93A5-1B49C0A02340}.Release|Any CPU.Build.0 = Release|Any CPU
		{29F6C849-882B-4467-9142-385EE87F8CD5}.Debug|Any CPU.ActiveCfg = Debug|Any CPU
		{29F6C849-882B-4467-9142-385EE87F8CD5}.Debug|Any CPU.Build.0 = Debug|Any CPU
		{29F6C849-882B-4467-9142-385EE87F8CD5}.Release|Any CPU.ActiveCfg = Release|Any CPU
		{29F6C849-882B-4467-9142-385EE87F8CD5}.Release|Any CPU.Build.0 = Release|Any CPU
		{C1ABA17E-0832-4E4F-9072-F745983D427A}.Debug|Any CPU.ActiveCfg = Debug|Any CPU
		{C1ABA17E-0832-4E4F-9072-F745983D427A}.Debug|Any CPU.Build.0 = Debug|Any CPU
		{C1ABA17E-0832-4E4F-9072-F745983D427A}.Release|Any CPU.ActiveCfg = Release|Any CPU
		{C1ABA17E-0832-4E4F-9072-F745983D427A}.Release|Any CPU.Build.0 = Release|Any CPU
		{01C2F472-BB33-49EC-A4C8-0EDFEBD0FADA}.Debug|Any CPU.ActiveCfg = Debug|Any CPU
		{01C2F472-BB33-49EC-A4C8-0EDFEBD0FADA}.Debug|Any CPU.Build.0 = Debug|Any CPU
		{01C2F472-BB33-49EC-A4C8-0EDFEBD0FADA}.Release|Any CPU.ActiveCfg = Release|Any CPU
		{01C2F472-BB33-49EC-A4C8-0EDFEBD0FADA}.Release|Any CPU.Build.0 = Release|Any CPU
	EndGlobalSection
	GlobalSection(SolutionProperties) = preSolution
		HideSolutionNode = FALSE
	EndGlobalSection
	GlobalSection(NestedProjects) = preSolution
		{19CD2180-08C8-4B1A-B452-09136EAF7401} = {88F4D038-05E8-4A3E-9255-9D5162672C2E}
		{CC074C34-6F49-411A-8BCF-F141F7ACFAF0} = {83462387-6866-4C7F-BD3D-F114D89BA32A}
		{B025BFA6-434C-42EE-B22A-D3A203C156C4} = {83462387-6866-4C7F-BD3D-F114D89BA32A}
		{42CF432D-3288-4DCC-9FAD-15B6E0A721ED} = {D28E49FD-5FA6-4B13-8977-B20606C4DD3E}
		{065BAD41-E1A3-453A-9709-90A8EE75B2F8} = {D28E49FD-5FA6-4B13-8977-B20606C4DD3E}
		{DFA7E7AF-A97F-42FB-A3BD-8FC74CC9EC1F} = {88F4D038-05E8-4A3E-9255-9D5162672C2E}
		{BDC9E9B1-EB1C-4151-93A5-1B49C0A02340} = {B4CB849A-FD9A-4FD3-99EE-4F62DD358F44}
		{29F6C849-882B-4467-9142-385EE87F8CD5} = {88F4D038-05E8-4A3E-9255-9D5162672C2E}
		{C1ABA17E-0832-4E4F-9072-F745983D427A} = {B4CB849A-FD9A-4FD3-99EE-4F62DD358F44}
		{01C2F472-BB33-49EC-A4C8-0EDFEBD0FADA} = {A6830A10-E3E5-4C17-A5F2-D125422EF09C}
	EndGlobalSection
	GlobalSection(ExtensibilityGlobals) = postSolution
		SolutionGuid = {37D1B953-AAF0-443F-A61E-3B97091230D7}
	EndGlobalSection
EndGlobal
